
Microsoft Visual Studio Solution File, Format Version 12.00
# Visual Studio 15
VisualStudioVersion = 15.0.28307.136
MinimumVisualStudioVersion = 10.0.40219.1
Project("{9A19103F-16F7-4668-BE54-9A1E7A4F7556}") = "IdentityServer4-Server", "IdentityServer4-Server\IdentityServer4-Server\IdentityServer4-Server.csproj", "{E4E16750-D887-49FF-BFD2-892E2FA8B488}"
EndProject
Project("{9A19103F-16F7-4668-BE54-9A1E7A4F7556}") = "xxx-api", "xxx-api\xxx-api.csproj", "{68E3906A-2533-4B16-BE21-CB123005A7C6}"
EndProject
Project("{9A19103F-16F7-4668-BE54-9A1E7A4F7556}") = "frontend", "frontend\frontend.csproj", "{D7C726CE-DD73-4537-A0F2-A7E98A20855F}"
EndProject
Global
	GlobalSection(SolutionConfigurationPlatforms) = preSolution
		Debug|Any CPU = Debug|Any CPU
		Release|Any CPU = Release|Any CPU
	EndGlobalSection
	GlobalSection(ProjectConfigurationPlatforms) = postSolution
		{E4E16750-D887-49FF-BFD2-892E2FA8B488}.Debug|Any CPU.ActiveCfg = Debug|Any CPU
		{E4E16750-D887-49FF-BFD2-892E2FA8B488}.Debug|Any CPU.Build.0 = Debug|Any CPU
		{E4E16750-D887-49FF-BFD2-892E2FA8B488}.Release|Any CPU.ActiveCfg = Release|Any CPU
		{E4E16750-D887-49FF-BFD2-892E2FA8B488}.Release|Any CPU.Build.0 = Release|Any CPU
		{68E3906A-2533-4B16-BE21-CB123005A7C6}.Debug|Any CPU.ActiveCfg = Debug|Any CPU
		{68E3906A-2533-4B16-BE21-CB123005A7C6}.Debug|Any CPU.Build.0 = Debug|Any CPU
		{68E3906A-2533-4B16-BE21-CB123005A7C6}.Release|Any CPU.ActiveCfg = Release|Any CPU
		{68E3906A-2533-4B16-BE21-CB123005A7C6}.Release|Any CPU.Build.0 = Release|Any CPU
		{D7C726CE-DD73-4537-A0F2-A7E98A20855F}.Debug|Any CPU.ActiveCfg = Debug|Any CPU
		{D7C726CE-DD73-4537-A0F2-A7E98A20855F}.Debug|Any CPU.Build.0 = Debug|Any CPU
		{D7C726CE-DD73-4537-A0F2-A7E98A20855F}.Release|Any CPU.ActiveCfg = Release|Any CPU
		{D7C726CE-DD73-4537-A0F2-A7E98A20855F}.Release|Any CPU.Build.0 = Release|Any CPU
	EndGlobalSection
	GlobalSection(SolutionProperties) = preSolution
		HideSolutionNode = FALSE
	EndGlobalSection
	GlobalSection(ExtensibilityGlobals) = postSolution
		SolutionGuid = {76109A98-E6A7-41CC-B019-73685D8363FD}
	EndGlobalSection
EndGlobal
